
Microsoft Visual Studio Solution File, Format Version 12.00
# Visual Studio 2012
Project("{FAE04EC0-301F-11D3-BF4B-00C04F79EFBC}") = "ProjectHydaelyn", "ProjectHydaelyn\ProjectHydaelyn.csproj", "{A0D661AF-DD38-42D2-8477-CCDC82E30B6A}"
EndProject
Global
	GlobalSection(SolutionConfigurationPlatforms) = preSolution
		Debug|x86 = Debug|x86
		Release|x86 = Release|x86
	EndGlobalSection
	GlobalSection(ProjectConfigurationPlatforms) = postSolution
		{A0D661AF-DD38-42D2-8477-CCDC82E30B6A}.Debug|x86.ActiveCfg = Debug|x86
		{A0D661AF-DD38-42D2-8477-CCDC82E30B6A}.Debug|x86.Build.0 = Debug|x86
		{A0D661AF-DD38-42D2-8477-CCDC82E30B6A}.Release|x86.ActiveCfg = Release|x86
		{A0D661AF-DD38-42D2-8477-CCDC82E30B6A}.Release|x86.Build.0 = Release|x86
	EndGlobalSection
EndGlobal
